<Solution>
  <Project Path="DevEn.Xrm.Abstraction.Plugins.UnitTests/DevEn.Xrm.Abstraction.Plugins.UnitTests.csproj" Id="569d4747-a1da-4e2d-b9e4-072326cabba3" />
  <Project Path="DevEn.Xrm.Abstraction.Plugins/DevEn.Xrm.Abstraction.Plugins.shproj" Id="efc08498-3cf0-4d99-9332-bd5cd8e06eeb" />
  <Project Path="DevEn.Xrm.Abstraction.Workflows.UnitTests/DevEn.Xrm.Abstraction.Workflows.UnitTests.csproj" Id="5181cb4d-67c7-4b2a-b705-8872fef4ee7f" />
  <Project Path="DevEn.Xrm.Abstraction.Workflows/DevEn.Xrm.Abstraction.Workflows.shproj" Id="36f5c26c-ba28-4f81-9d8d-8b5f0db36dad" />
</Solution>
